
Microsoft Visual Studio Solution File, Format Version 12.00
# Visual Studio Version 16
VisualStudioVersion = 16.0.30114.105
MinimumVisualStudioVersion = 10.0.40219.1
Project("{8BC9CEB8-8B4A-11D0-8D11-00A0C91BC942}") = "client1", "client1\client1.vcxproj", "{259FA826-EBEF-4D0E-83CA-1CA9A5BA7617}"
EndProject
Global
	GlobalSection(SolutionConfigurationPlatforms) = preSolution
		Debug|x64 = Debug|x64
		Debug|x86 = Debug|x86
		Release|x64 = Release|x64
		Release|x86 = Release|x86
	EndGlobalSection
	GlobalSection(ProjectConfigurationPlatforms) = postSolution
		{259FA826-EBEF-4D0E-83CA-1CA9A5BA7617}.Debug|x64.ActiveCfg = Debug|x64
		{259FA826-EBEF-4D0E-83CA-1CA9A5BA7617}.Debug|x64.Build.0 = Debug|x64
		{259FA826-EBEF-4D0E-83CA-1CA9A5BA7617}.Debug|x86.ActiveCfg = Debug|Win32
		{259FA826-EBEF-4D0E-83CA-1CA9A5BA7617}.Debug|x86.Build.0 = Debug|Win32
		{259FA826-EBEF-4D0E-83CA-1CA9A5BA7617}.Release|x64.ActiveCfg = Release|x64
		{259FA826-EBEF-4D0E-83CA-1CA9A5BA7617}.Release|x64.Build.0 = Release|x64
		{259FA826-EBEF-4D0E-83CA-1CA9A5BA7617}.Release|x86.ActiveCfg = Release|Win32
		{259FA826-EBEF-4D0E-83CA-1CA9A5BA7617}.Release|x86.Build.0 = Release|Win32
	EndGlobalSection
	GlobalSection(SolutionProperties) = preSolution
		HideSolutionNode = FALSE
	EndGlobalSection
	GlobalSection(ExtensibilityGlobals) = postSolution
		SolutionGuid = {5C3303D7-00B3-4536-82F1-6893707E1060}
	EndGlobalSection
EndGlobal
